// !$*UTF8*$!
{
	archiveVersion = 1;
	classes = {
	};
	objectVersion = 51;
	objects = {

/* Begin PBXBuildFile section */
		5E7A02EA263AEDC100DF7B53 /* AppDelegate.swift in Sources */ = {isa = PBXBuildFile; fileRef = 5E7A02E9263AEDC100DF7B53 /* AppDelegate.swift */; };
		5E7A02EC263AEDC100DF7B53 /* SceneDelegate.swift in Sources */ = {isa = PBXBuildFile; fileRef = 5E7A02EB263AEDC100DF7B53 /* SceneDelegate.swift */; };
		5E7A02F3263AEDC300DF7B53 /* Assets.xcassets in Resources */ = {isa = PBXBuildFile; fileRef = 5E7A02F2263AEDC300DF7B53 /* Assets.xcassets */; };
		5E7A0302263AF15500DF7B53 /* FeedController.swift in Sources */ = {isa = PBXBuildFile; fileRef = 5E7A0301263AF15500DF7B53 /* FeedController.swift */; };
		5E7A0309263B094000DF7B53 /* FeedItem.swift in Sources */ = {isa = PBXBuildFile; fileRef = 5E7A0308263B094000DF7B53 /* FeedItem.swift */; };
		5E7A030D263B0C7900DF7B53 /* Feed.swift in Sources */ = {isa = PBXBuildFile; fileRef = 5E7A030C263B0C7900DF7B53 /* Feed.swift */; };
		5E7A0310263BF6CA00DF7B53 /* FeedItemCardCell.swift in Sources */ = {isa = PBXBuildFile; fileRef = 5E7A030F263BF6C900DF7B53 /* FeedItemCardCell.swift */; };
		5E7A0315263BFE5C00DF7B53 /* Styles+Colors.swift in Sources */ = {isa = PBXBuildFile; fileRef = 5E7A0314263BFE5C00DF7B53 /* Styles+Colors.swift */; };
		5E7A0319263BFEB100DF7B53 /* Styles.swift in Sources */ = {isa = PBXBuildFile; fileRef = 5E7A0318263BFEB100DF7B53 /* Styles.swift */; };
		5E7A031C263C01C600DF7B53 /* UIColor+hex.swift in Sources */ = {isa = PBXBuildFile; fileRef = 5E7A031B263C01C600DF7B53 /* UIColor+hex.swift */; };
		5E7A031F263C248800DF7B53 /* CardView.swift in Sources */ = {isa = PBXBuildFile; fileRef = 5E7A031E263C248800DF7B53 /* CardView.swift */; };
		5E7A0323263C3A0000DF7B53 /* AutoLayout+Helpers.swift in Sources */ = {isa = PBXBuildFile; fileRef = 5E7A0322263C3A0000DF7B53 /* AutoLayout+Helpers.swift */; };
		5E7A0326263C404A00DF7B53 /* UICollectionView+Cells.swift in Sources */ = {isa = PBXBuildFile; fileRef = 5E7A0325263C404A00DF7B53 /* UICollectionView+Cells.swift */; };
		5E7A0332263C61E200DF7B53 /* Insets.swift in Sources */ = {isa = PBXBuildFile; fileRef = 5E7A0331263C61E200DF7B53 /* Insets.swift */; };
		5E7A0335263C63CC00DF7B53 /* CardFooter.swift in Sources */ = {isa = PBXBuildFile; fileRef = 5E7A0334263C63CC00DF7B53 /* CardFooter.swift */; };
		5E7A03392641562100DF7B53 /* CardContent.swift in Sources */ = {isa = PBXBuildFile; fileRef = 5E7A03382641562000DF7B53 /* CardContent.swift */; };
		5E7A033D2641592D00DF7B53 /* CardContentModel.swift in Sources */ = {isa = PBXBuildFile; fileRef = 5E7A033C2641592D00DF7B53 /* CardContentModel.swift */; };
		5E7A03412641657700DF7B53 /* SpacerView.swift in Sources */ = {isa = PBXBuildFile; fileRef = 5E7A03402641657700DF7B53 /* SpacerView.swift */; };
		5E7A03442642A2D800DF7B53 /* CardHeader.swift in Sources */ = {isa = PBXBuildFile; fileRef = 5E7A03432642A2D700DF7B53 /* CardHeader.swift */; };
		5E7A03482642B22B00DF7B53 /* Source.swift in Sources */ = {isa = PBXBuildFile; fileRef = 5E7A03472642B22B00DF7B53 /* Source.swift */; };
		5E7A034C2642B54300DF7B53 /* CardHeaderModel.swift in Sources */ = {isa = PBXBuildFile; fileRef = 5E7A034B2642B54300DF7B53 /* CardHeaderModel.swift */; };
		5E7A034F26440AAE00DF7B53 /* NSAttributeString+size.swift in Sources */ = {isa = PBXBuildFile; fileRef = 5E7A034E26440AAE00DF7B53 /* NSAttributeString+size.swift */; };
		5E7A0352264431D600DF7B53 /* ImageAspectRatio.swift in Sources */ = {isa = PBXBuildFile; fileRef = 5E7A0351264431D600DF7B53 /* ImageAspectRatio.swift */; };
		5E7A039826495CA100DF7B53 /* CellMapper.swift in Sources */ = {isa = PBXBuildFile; fileRef = 5E7A039726495CA100DF7B53 /* CellMapper.swift */; };
		5E7A039B26495D1C00DF7B53 /* CellModel.swift in Sources */ = {isa = PBXBuildFile; fileRef = 5E7A039A26495D1C00DF7B53 /* CellModel.swift */; };
		5E7A03FF264A8D6100DF7B53 /* Theme.swift in Sources */ = {isa = PBXBuildFile; fileRef = 5E7A03FE264A8D6100DF7B53 /* Theme.swift */; };
		5E7A04B3264C145300DF7B53 /* Reaction.swift in Sources */ = {isa = PBXBuildFile; fileRef = 5E7A04B2264C145200DF7B53 /* Reaction.swift */; };
		5E7A04B7264C1F7100DF7B53 /* Assets.swift in Sources */ = {isa = PBXBuildFile; fileRef = 5E7A04B6264C1F7100DF7B53 /* Assets.swift */; };
		5E7A04FD264D61FB00DF7B53 /* YS Text-Light Italic.ttf in Resources */ = {isa = PBXBuildFile; fileRef = 5E7A04EF264D61FA00DF7B53 /* YS Text-Light Italic.ttf */; };
		5E7A04FE264D61FB00DF7B53 /* YS Text-Bold Italic.ttf in Resources */ = {isa = PBXBuildFile; fileRef = 5E7A04F0264D61FA00DF7B53 /* YS Text-Bold Italic.ttf */; };
		5E7A04FF264D61FB00DF7B53 /* YS Display-Bold.ttf in Resources */ = {isa = PBXBuildFile; fileRef = 5E7A04F1264D61FA00DF7B53 /* YS Display-Bold.ttf */; };
		5E7A0500264D61FB00DF7B53 /* YS Text-Bold.ttf in Resources */ = {isa = PBXBuildFile; fileRef = 5E7A04F2264D61FA00DF7B53 /* YS Text-Bold.ttf */; };
		5E7A0501264D61FB00DF7B53 /* YS Text-Medium.ttf in Resources */ = {isa = PBXBuildFile; fileRef = 5E7A04F3264D61FA00DF7B53 /* YS Text-Medium.ttf */; };
		5E7A0502264D61FB00DF7B53 /* YS Display-Thin.ttf in Resources */ = {isa = PBXBuildFile; fileRef = 5E7A04F4264D61FA00DF7B53 /* YS Display-Thin.ttf */; };
		5E7A0503264D61FB00DF7B53 /* YS Text-Medium Italic.ttf in Resources */ = {isa = PBXBuildFile; fileRef = 5E7A04F5264D61FA00DF7B53 /* YS Text-Medium Italic.ttf */; };
		5E7A0504264D61FB00DF7B53 /* YS Display-Light.ttf in Resources */ = {isa = PBXBuildFile; fileRef = 5E7A04F6264D61FA00DF7B53 /* YS Display-Light.ttf */; };
		5E7A0505264D61FB00DF7B53 /* YS Text-Light.ttf in Resources */ = {isa = PBXBuildFile; fileRef = 5E7A04F7264D61FA00DF7B53 /* YS Text-Light.ttf */; };
		5E7A0506264D61FB00DF7B53 /* YS Display-Regular.ttf in Resources */ = {isa = PBXBuildFile; fileRef = 5E7A04F8264D61FA00DF7B53 /* YS Display-Regular.ttf */; };
		5E7A0507264D61FB00DF7B53 /* YS Text-Regular Italic.ttf in Resources */ = {isa = PBXBuildFile; fileRef = 5E7A04F9264D61FA00DF7B53 /* YS Text-Regular Italic.ttf */; };
		5E7A0508264D61FB00DF7B53 /* YS Display-Medium.ttf in Resources */ = {isa = PBXBuildFile; fileRef = 5E7A04FA264D61FA00DF7B53 /* YS Display-Medium.ttf */; };
		5E7A0509264D61FB00DF7B53 /* YS Text-Regular.ttf in Resources */ = {isa = PBXBuildFile; fileRef = 5E7A04FB264D61FA00DF7B53 /* YS Text-Regular.ttf */; };
		5E7A050A264D61FB00DF7B53 /* YS Display-Heavy.ttf in Resources */ = {isa = PBXBuildFile; fileRef = 5E7A04FC264D61FA00DF7B53 /* YS Display-Heavy.ttf */; };
		5E7A050D264D683600DF7B53 /* Styles+Fonts.swift in Sources */ = {isa = PBXBuildFile; fileRef = 5E7A050C264D683600DF7B53 /* Styles+Fonts.swift */; };
		5E7A06492653B41B00DF7B53 /* FeedProviding.swift in Sources */ = {isa = PBXBuildFile; fileRef = 5E7A06482653B41A00DF7B53 /* FeedProviding.swift */; };
		5E7A064C2653B89200DF7B53 /* Networking.swift in Sources */ = {isa = PBXBuildFile; fileRef = 5E7A064B2653B89200DF7B53 /* Networking.swift */; };
		5E7A06562654191F00DF7B53 /* FeedItemFooterCell.swift in Sources */ = {isa = PBXBuildFile; fileRef = 5E7A06552654191E00DF7B53 /* FeedItemFooterCell.swift */; };
		B392D2889D87D976807EAF97 /* Pods_ZenStudy.framework in Frameworks */ = {isa = PBXBuildFile; fileRef = 79DB486D245CC0F450129045 /* Pods_ZenStudy.framework */; };
/* End PBXBuildFile section */

/* Begin PBXFileReference section */
		5E7A02E6263AEDC100DF7B53 /* ZenStudy.app */ = {isa = PBXFileReference; explicitFileType = wrapper.application; includeInIndex = 0; path = ZenStudy.app; sourceTree = BUILT_PRODUCTS_DIR; };
		5E7A02E9263AEDC100DF7B53 /* AppDelegate.swift */ = {isa = PBXFileReference; lastKnownFileType = sourcecode.swift; path = AppDelegate.swift; sourceTree = "<group>"; };
		5E7A02EB263AEDC100DF7B53 /* SceneDelegate.swift */ = {isa = PBXFileReference; lastKnownFileType = sourcecode.swift; path = SceneDelegate.swift; sourceTree = "<group>"; };
		5E7A02F2263AEDC300DF7B53 /* Assets.xcassets */ = {isa = PBXFileReference; lastKnownFileType = folder.assetcatalog; path = Assets.xcassets; sourceTree = "<group>"; };
		5E7A02F7263AEDC300DF7B53 /* Info.plist */ = {isa = PBXFileReference; lastKnownFileType = text.plist.xml; path = Info.plist; sourceTree = "<group>"; };
		5E7A0301263AF15500DF7B53 /* FeedController.swift */ = {isa = PBXFileReference; lastKnownFileType = sourcecode.swift; path = FeedController.swift; sourceTree = "<group>"; };
		5E7A0308263B094000DF7B53 /* FeedItem.swift */ = {isa = PBXFileReference; lastKnownFileType = sourcecode.swift; path = FeedItem.swift; sourceTree = "<group>"; };
		5E7A030C263B0C7900DF7B53 /* Feed.swift */ = {isa = PBXFileReference; lastKnownFileType = sourcecode.swift; path = Feed.swift; sourceTree = "<group>"; };
		5E7A030F263BF6C900DF7B53 /* FeedItemCardCell.swift */ = {isa = PBXFileReference; lastKnownFileType = sourcecode.swift; path = FeedItemCardCell.swift; sourceTree = "<group>"; };
		5E7A0314263BFE5C00DF7B53 /* Styles+Colors.swift */ = {isa = PBXFileReference; lastKnownFileType = sourcecode.swift; path = "Styles+Colors.swift"; sourceTree = "<group>"; };
		5E7A0318263BFEB100DF7B53 /* Styles.swift */ = {isa = PBXFileReference; lastKnownFileType = sourcecode.swift; path = Styles.swift; sourceTree = "<group>"; };
		5E7A031B263C01C600DF7B53 /* UIColor+hex.swift */ = {isa = PBXFileReference; lastKnownFileType = sourcecode.swift; path = "UIColor+hex.swift"; sourceTree = "<group>"; };
		5E7A031E263C248800DF7B53 /* CardView.swift */ = {isa = PBXFileReference; lastKnownFileType = sourcecode.swift; path = CardView.swift; sourceTree = "<group>"; };
		5E7A0322263C3A0000DF7B53 /* AutoLayout+Helpers.swift */ = {isa = PBXFileReference; lastKnownFileType = sourcecode.swift; path = "AutoLayout+Helpers.swift"; sourceTree = "<group>"; };
		5E7A0325263C404A00DF7B53 /* UICollectionView+Cells.swift */ = {isa = PBXFileReference; lastKnownFileType = sourcecode.swift; path = "UICollectionView+Cells.swift"; sourceTree = "<group>"; };
		5E7A0331263C61E200DF7B53 /* Insets.swift */ = {isa = PBXFileReference; lastKnownFileType = sourcecode.swift; path = Insets.swift; sourceTree = "<group>"; };
		5E7A0334263C63CC00DF7B53 /* CardFooter.swift */ = {isa = PBXFileReference; lastKnownFileType = sourcecode.swift; path = CardFooter.swift; sourceTree = "<group>"; };
		5E7A03382641562000DF7B53 /* CardContent.swift */ = {isa = PBXFileReference; lastKnownFileType = sourcecode.swift; path = CardContent.swift; sourceTree = "<group>"; };
		5E7A033C2641592D00DF7B53 /* CardContentModel.swift */ = {isa = PBXFileReference; lastKnownFileType = sourcecode.swift; path = CardContentModel.swift; sourceTree = "<group>"; };
		5E7A03402641657700DF7B53 /* SpacerView.swift */ = {isa = PBXFileReference; lastKnownFileType = sourcecode.swift; path = SpacerView.swift; sourceTree = "<group>"; };
		5E7A03432642A2D700DF7B53 /* CardHeader.swift */ = {isa = PBXFileReference; lastKnownFileType = sourcecode.swift; path = CardHeader.swift; sourceTree = "<group>"; };
		5E7A03472642B22B00DF7B53 /* Source.swift */ = {isa = PBXFileReference; lastKnownFileType = sourcecode.swift; path = Source.swift; sourceTree = "<group>"; };
		5E7A034B2642B54300DF7B53 /* CardHeaderModel.swift */ = {isa = PBXFileReference; lastKnownFileType = sourcecode.swift; path = CardHeaderModel.swift; sourceTree = "<group>"; };
		5E7A034E26440AAE00DF7B53 /* NSAttributeString+size.swift */ = {isa = PBXFileReference; lastKnownFileType = sourcecode.swift; path = "NSAttributeString+size.swift"; sourceTree = "<group>"; };
		5E7A0351264431D600DF7B53 /* ImageAspectRatio.swift */ = {isa = PBXFileReference; lastKnownFileType = sourcecode.swift; path = ImageAspectRatio.swift; sourceTree = "<group>"; };
		5E7A039726495CA100DF7B53 /* CellMapper.swift */ = {isa = PBXFileReference; lastKnownFileType = sourcecode.swift; path = CellMapper.swift; sourceTree = "<group>"; };
		5E7A039A26495D1C00DF7B53 /* CellModel.swift */ = {isa = PBXFileReference; lastKnownFileType = sourcecode.swift; path = CellModel.swift; sourceTree = "<group>"; };
		5E7A03FE264A8D6100DF7B53 /* Theme.swift */ = {isa = PBXFileReference; lastKnownFileType = sourcecode.swift; path = Theme.swift; sourceTree = "<group>"; };
		5E7A04B2264C145200DF7B53 /* Reaction.swift */ = {isa = PBXFileReference; lastKnownFileType = sourcecode.swift; path = Reaction.swift; sourceTree = "<group>"; };
		5E7A04B6264C1F7100DF7B53 /* Assets.swift */ = {isa = PBXFileReference; lastKnownFileType = sourcecode.swift; path = Assets.swift; sourceTree = "<group>"; };
		5E7A04EF264D61FA00DF7B53 /* YS Text-Light Italic.ttf */ = {isa = PBXFileReference; lastKnownFileType = file; path = "YS Text-Light Italic.ttf"; sourceTree = "<group>"; };
		5E7A04F0264D61FA00DF7B53 /* YS Text-Bold Italic.ttf */ = {isa = PBXFileReference; lastKnownFileType = file; path = "YS Text-Bold Italic.ttf"; sourceTree = "<group>"; };
		5E7A04F1264D61FA00DF7B53 /* YS Display-Bold.ttf */ = {isa = PBXFileReference; lastKnownFileType = file; path = "YS Display-Bold.ttf"; sourceTree = "<group>"; };
		5E7A04F2264D61FA00DF7B53 /* YS Text-Bold.ttf */ = {isa = PBXFileReference; lastKnownFileType = file; path = "YS Text-Bold.ttf"; sourceTree = "<group>"; };
		5E7A04F3264D61FA00DF7B53 /* YS Text-Medium.ttf */ = {isa = PBXFileReference; lastKnownFileType = file; path = "YS Text-Medium.ttf"; sourceTree = "<group>"; };
		5E7A04F4264D61FA00DF7B53 /* YS Display-Thin.ttf */ = {isa = PBXFileReference; lastKnownFileType = file; path = "YS Display-Thin.ttf"; sourceTree = "<group>"; };
		5E7A04F5264D61FA00DF7B53 /* YS Text-Medium Italic.ttf */ = {isa = PBXFileReference; lastKnownFileType = file; path = "YS Text-Medium Italic.ttf"; sourceTree = "<group>"; };
		5E7A04F6264D61FA00DF7B53 /* YS Display-Light.ttf */ = {isa = PBXFileReference; lastKnownFileType = file; path = "YS Display-Light.ttf"; sourceTree = "<group>"; };
		5E7A04F7264D61FA00DF7B53 /* YS Text-Light.ttf */ = {isa = PBXFileReference; lastKnownFileType = file; path = "YS Text-Light.ttf"; sourceTree = "<group>"; };
		5E7A04F8264D61FA00DF7B53 /* YS Display-Regular.ttf */ = {isa = PBXFileReference; lastKnownFileType = file; path = "YS Display-Regular.ttf"; sourceTree = "<group>"; };
		5E7A04F9264D61FA00DF7B53 /* YS Text-Regular Italic.ttf */ = {isa = PBXFileReference; lastKnownFileType = file; path = "YS Text-Regular Italic.ttf"; sourceTree = "<group>"; };
		5E7A04FA264D61FA00DF7B53 /* YS Display-Medium.ttf */ = {isa = PBXFileReference; lastKnownFileType = file; path = "YS Display-Medium.ttf"; sourceTree = "<group>"; };
		5E7A04FB264D61FA00DF7B53 /* YS Text-Regular.ttf */ = {isa = PBXFileReference; lastKnownFileType = file; path = "YS Text-Regular.ttf"; sourceTree = "<group>"; };
		5E7A04FC264D61FA00DF7B53 /* YS Display-Heavy.ttf */ = {isa = PBXFileReference; lastKnownFileType = file; path = "YS Display-Heavy.ttf"; sourceTree = "<group>"; };
		5E7A050C264D683600DF7B53 /* Styles+Fonts.swift */ = {isa = PBXFileReference; lastKnownFileType = sourcecode.swift; path = "Styles+Fonts.swift"; sourceTree = "<group>"; };
		5E7A06482653B41A00DF7B53 /* FeedProviding.swift */ = {isa = PBXFileReference; lastKnownFileType = sourcecode.swift; path = FeedProviding.swift; sourceTree = "<group>"; };
		5E7A064B2653B89200DF7B53 /* Networking.swift */ = {isa = PBXFileReference; lastKnownFileType = sourcecode.swift; path = Networking.swift; sourceTree = "<group>"; };
		5E7A06552654191E00DF7B53 /* FeedItemFooterCell.swift */ = {isa = PBXFileReference; lastKnownFileType = sourcecode.swift; path = FeedItemFooterCell.swift; sourceTree = "<group>"; };
		79DB486D245CC0F450129045 /* Pods_ZenStudy.framework */ = {isa = PBXFileReference; explicitFileType = wrapper.framework; includeInIndex = 0; path = Pods_ZenStudy.framework; sourceTree = BUILT_PRODUCTS_DIR; };
		8F1B696A2608190D6E252383 /* Pods-ZenStudy.debug.xcconfig */ = {isa = PBXFileReference; includeInIndex = 1; lastKnownFileType = text.xcconfig; name = "Pods-ZenStudy.debug.xcconfig"; path = "Target Support Files/Pods-ZenStudy/Pods-ZenStudy.debug.xcconfig"; sourceTree = "<group>"; };
		D97C1F69B922032CE1A603B0 /* Pods-ZenStudy.release.xcconfig */ = {isa = PBXFileReference; includeInIndex = 1; lastKnownFileType = text.xcconfig; name = "Pods-ZenStudy.release.xcconfig"; path = "Target Support Files/Pods-ZenStudy/Pods-ZenStudy.release.xcconfig"; sourceTree = "<group>"; };
/* End PBXFileReference section */

/* Begin PBXFrameworksBuildPhase section */
		5E7A02E3263AEDC100DF7B53 /* Frameworks */ = {
			isa = PBXFrameworksBuildPhase;
			buildActionMask = 2147483647;
			files = (
				B392D2889D87D976807EAF97 /* Pods_ZenStudy.framework in Frameworks */,
			);
			runOnlyForDeploymentPostprocessing = 0;
		};
/* End PBXFrameworksBuildPhase section */

/* Begin PBXGroup section */
		5E7A02DD263AEDC100DF7B53 = {
			isa = PBXGroup;
			children = (
				5E7A02E8263AEDC100DF7B53 /* ZenStudy */,
				5E7A02E7263AEDC100DF7B53 /* Products */,
				B6EB60331F6E4214F26BA2B5 /* Pods */,
				9BCFD4AF9775E6A52A4FE800 /* Frameworks */,
			);
			sourceTree = "<group>";
		};
		5E7A02E7263AEDC100DF7B53 /* Products */ = {
			isa = PBXGroup;
			children = (
				5E7A02E6263AEDC100DF7B53 /* ZenStudy.app */,
			);
			name = Products;
			sourceTree = "<group>";
		};
		5E7A02E8263AEDC100DF7B53 /* ZenStudy */ = {
			isa = PBXGroup;
			children = (
				5E7A06462653B36D00DF7B53 /* Services */,
				5E7A04EE264D61FA00DF7B53 /* Fonts */,
				5E7A0313263BFE4500DF7B53 /* Extentions */,
				5E7A030B263B098700DF7B53 /* Models */,
				5E7A02E9263AEDC100DF7B53 /* AppDelegate.swift */,
				5E7A02EB263AEDC100DF7B53 /* SceneDelegate.swift */,
				5E7A0301263AF15500DF7B53 /* FeedController.swift */,
				5E7A030F263BF6C900DF7B53 /* FeedItemCardCell.swift */,
				5E7A06552654191E00DF7B53 /* FeedItemFooterCell.swift */,
				5E7A031E263C248800DF7B53 /* CardView.swift */,
				5E7A03432642A2D700DF7B53 /* CardHeader.swift */,
				5E7A03382641562000DF7B53 /* CardContent.swift */,
				5E7A0334263C63CC00DF7B53 /* CardFooter.swift */,
				5E7A02F2263AEDC300DF7B53 /* Assets.xcassets */,
				5E7A02F7263AEDC300DF7B53 /* Info.plist */,
				5E7A03402641657700DF7B53 /* SpacerView.swift */,
				5E7A039726495CA100DF7B53 /* CellMapper.swift */,
				5E7A03FE264A8D6100DF7B53 /* Theme.swift */,
			);
			path = ZenStudy;
			sourceTree = "<group>";
		};
		5E7A030B263B098700DF7B53 /* Models */ = {
			isa = PBXGroup;
			children = (
				5E7A030C263B0C7900DF7B53 /* Feed.swift */,
				5E7A0308263B094000DF7B53 /* FeedItem.swift */,
				5E7A03472642B22B00DF7B53 /* Source.swift */,
				5E7A033C2641592D00DF7B53 /* CardContentModel.swift */,
				5E7A034B2642B54300DF7B53 /* CardHeaderModel.swift */,
				5E7A039A26495D1C00DF7B53 /* CellModel.swift */,
			);
			path = Models;
			sourceTree = "<group>";
		};
		5E7A0313263BFE4500DF7B53 /* Extentions */ = {
			isa = PBXGroup;
			children = (
				5E7A0314263BFE5C00DF7B53 /* Styles+Colors.swift */,
				5E7A050C264D683600DF7B53 /* Styles+Fonts.swift */,
				5E7A0318263BFEB100DF7B53 /* Styles.swift */,
				5E7A031B263C01C600DF7B53 /* UIColor+hex.swift */,
				5E7A0322263C3A0000DF7B53 /* AutoLayout+Helpers.swift */,
				5E7A0325263C404A00DF7B53 /* UICollectionView+Cells.swift */,
				5E7A0331263C61E200DF7B53 /* Insets.swift */,
				5E7A034E26440AAE00DF7B53 /* NSAttributeString+size.swift */,
				5E7A0351264431D600DF7B53 /* ImageAspectRatio.swift */,
				5E7A04B2264C145200DF7B53 /* Reaction.swift */,
				5E7A04B6264C1F7100DF7B53 /* Assets.swift */,
			);
			path = Extentions;
			sourceTree = "<group>";
		};
		5E7A04EE264D61FA00DF7B53 /* Fonts */ = {
			isa = PBXGroup;
			children = (
				5E7A04EF264D61FA00DF7B53 /* YS Text-Light Italic.ttf */,
				5E7A04F0264D61FA00DF7B53 /* YS Text-Bold Italic.ttf */,
				5E7A04F1264D61FA00DF7B53 /* YS Display-Bold.ttf */,
				5E7A04F2264D61FA00DF7B53 /* YS Text-Bold.ttf */,
				5E7A04F3264D61FA00DF7B53 /* YS Text-Medium.ttf */,
				5E7A04F4264D61FA00DF7B53 /* YS Display-Thin.ttf */,
				5E7A04F5264D61FA00DF7B53 /* YS Text-Medium Italic.ttf */,
				5E7A04F6264D61FA00DF7B53 /* YS Display-Light.ttf */,
				5E7A04F7264D61FA00DF7B53 /* YS Text-Light.ttf */,
				5E7A04F8264D61FA00DF7B53 /* YS Display-Regular.ttf */,
				5E7A04F9264D61FA00DF7B53 /* YS Text-Regular Italic.ttf */,
				5E7A04FA264D61FA00DF7B53 /* YS Display-Medium.ttf */,
				5E7A04FB264D61FA00DF7B53 /* YS Text-Regular.ttf */,
				5E7A04FC264D61FA00DF7B53 /* YS Display-Heavy.ttf */,
			);
			path = Fonts;
			sourceTree = "<group>";
		};
		5E7A06462653B36D00DF7B53 /* Services */ = {
			isa = PBXGroup;
			children = (
				5E7A06482653B41A00DF7B53 /* FeedProviding.swift */,
				5E7A064B2653B89200DF7B53 /* Networking.swift */,
			);
			path = Services;
			sourceTree = "<group>";
		};
		9BCFD4AF9775E6A52A4FE800 /* Frameworks */ = {
			isa = PBXGroup;
			children = (
				79DB486D245CC0F450129045 /* Pods_ZenStudy.framework */,
			);
			name = Frameworks;
			sourceTree = "<group>";
		};
		B6EB60331F6E4214F26BA2B5 /* Pods */ = {
			isa = PBXGroup;
			children = (
				8F1B696A2608190D6E252383 /* Pods-ZenStudy.debug.xcconfig */,
				D97C1F69B922032CE1A603B0 /* Pods-ZenStudy.release.xcconfig */,
			);
			path = Pods;
			sourceTree = "<group>";
		};
/* End PBXGroup section */

/* Begin PBXNativeTarget section */
		5E7A02E5263AEDC100DF7B53 /* ZenStudy */ = {
			isa = PBXNativeTarget;
			buildConfigurationList = 5E7A02FA263AEDC300DF7B53 /* Build configuration list for PBXNativeTarget "ZenStudy" */;
			buildPhases = (
				4E696786F840E9F1474DC5D8 /* [CP] Check Pods Manifest.lock */,
				5E7A02E2263AEDC100DF7B53 /* Sources */,
				5E7A02E3263AEDC100DF7B53 /* Frameworks */,
				5E7A02E4263AEDC100DF7B53 /* Resources */,
				5E7A065E2657B74500DF7B53 /* ShellScript */,
				0FA0934EF9CFCFCB73C6E2D2 /* [CP] Embed Pods Frameworks */,
			);
			buildRules = (
			);
			dependencies = (
			);
			name = ZenStudy;
			productName = ZenStudy;
			productReference = 5E7A02E6263AEDC100DF7B53 /* ZenStudy.app */;
			productType = "com.apple.product-type.application";
		};
/* End PBXNativeTarget section */

/* Begin PBXProject section */
		5E7A02DE263AEDC100DF7B53 /* Project object */ = {
			isa = PBXProject;
			attributes = {
				LastSwiftUpdateCheck = 1240;
				LastUpgradeCheck = 1240;
				TargetAttributes = {
					5E7A02E5263AEDC100DF7B53 = {
						CreatedOnToolsVersion = 12.4;
					};
				};
			};
			buildConfigurationList = 5E7A02E1263AEDC100DF7B53 /* Build configuration list for PBXProject "ZenStudy" */;
			compatibilityVersion = "Xcode 9.3";
			developmentRegion = en;
			hasScannedForEncodings = 0;
			knownRegions = (
				en,
				Base,
			);
			mainGroup = 5E7A02DD263AEDC100DF7B53;
			productRefGroup = 5E7A02E7263AEDC100DF7B53 /* Products */;
			projectDirPath = "";
			projectRoot = "";
			targets = (
				5E7A02E5263AEDC100DF7B53 /* ZenStudy */,
			);
		};
/* End PBXProject section */

/* Begin PBXResourcesBuildPhase section */
		5E7A02E4263AEDC100DF7B53 /* Resources */ = {
			isa = PBXResourcesBuildPhase;
			buildActionMask = 2147483647;
			files = (
				5E7A0507264D61FB00DF7B53 /* YS Text-Regular Italic.ttf in Resources */,
				5E7A0509264D61FB00DF7B53 /* YS Text-Regular.ttf in Resources */,
				5E7A04FE264D61FB00DF7B53 /* YS Text-Bold Italic.ttf in Resources */,
				5E7A0502264D61FB00DF7B53 /* YS Display-Thin.ttf in Resources */,
				5E7A0500264D61FB00DF7B53 /* YS Text-Bold.ttf in Resources */,
				5E7A0504264D61FB00DF7B53 /* YS Display-Light.ttf in Resources */,
				5E7A0501264D61FB00DF7B53 /* YS Text-Medium.ttf in Resources */,
				5E7A04FF264D61FB00DF7B53 /* YS Display-Bold.ttf in Resources */,
				5E7A0506264D61FB00DF7B53 /* YS Display-Regular.ttf in Resources */,
				5E7A0503264D61FB00DF7B53 /* YS Text-Medium Italic.ttf in Resources */,
				5E7A02F3263AEDC300DF7B53 /* Assets.xcassets in Resources */,
				5E7A050A264D61FB00DF7B53 /* YS Display-Heavy.ttf in Resources */,
				5E7A04FD264D61FB00DF7B53 /* YS Text-Light Italic.ttf in Resources */,
				5E7A0505264D61FB00DF7B53 /* YS Text-Light.ttf in Resources */,
				5E7A0508264D61FB00DF7B53 /* YS Display-Medium.ttf in Resources */,
			);
			runOnlyForDeploymentPostprocessing = 0;
		};
/* End PBXResourcesBuildPhase section */

/* Begin PBXShellScriptBuildPhase section */
		0FA0934EF9CFCFCB73C6E2D2 /* [CP] Embed Pods Frameworks */ = {
			isa = PBXShellScriptBuildPhase;
			buildActionMask = 2147483647;
			files = (
			);
			inputFileListPaths = (
				"${PODS_ROOT}/Target Support Files/Pods-ZenStudy/Pods-ZenStudy-frameworks-${CONFIGURATION}-input-files.xcfilelist",
			);
			name = "[CP] Embed Pods Frameworks";
			outputFileListPaths = (
				"${PODS_ROOT}/Target Support Files/Pods-ZenStudy/Pods-ZenStudy-frameworks-${CONFIGURATION}-output-files.xcfilelist",
			);
			runOnlyForDeploymentPostprocessing = 0;
			shellPath = /bin/sh;
			shellScript = "\"${PODS_ROOT}/Target Support Files/Pods-ZenStudy/Pods-ZenStudy-frameworks.sh\"\n";
			showEnvVarsInLog = 0;
		};
		4E696786F840E9F1474DC5D8 /* [CP] Check Pods Manifest.lock */ = {
			isa = PBXShellScriptBuildPhase;
			buildActionMask = 2147483647;
			files = (
			);
			inputFileListPaths = (
			);
			inputPaths = (
				"${PODS_PODFILE_DIR_PATH}/Podfile.lock",
				"${PODS_ROOT}/Manifest.lock",
			);
			name = "[CP] Check Pods Manifest.lock";
			outputFileListPaths = (
			);
			outputPaths = (
				"$(DERIVED_FILE_DIR)/Pods-ZenStudy-checkManifestLockResult.txt",
			);
			runOnlyForDeploymentPostprocessing = 0;
			shellPath = /bin/sh;
			shellScript = "diff \"${PODS_PODFILE_DIR_PATH}/Podfile.lock\" \"${PODS_ROOT}/Manifest.lock\" > /dev/null\nif [ $? != 0 ] ; then\n    # print error to STDERR\n    echo \"error: The sandbox is not in sync with the Podfile.lock. Run 'pod install' or update your CocoaPods installation.\" >&2\n    exit 1\nfi\n# This output is used by Xcode 'outputs' to avoid re-running this script phase.\necho \"SUCCESS\" > \"${SCRIPT_OUTPUT_FILE_0}\"\n";
			showEnvVarsInLog = 0;
		};
		5E7A065E2657B74500DF7B53 /* ShellScript */ = {
			isa = PBXShellScriptBuildPhase;
			buildActionMask = 2147483647;
			files = (
			);
			inputFileListPaths = (
			);
			inputPaths = (
			);
			outputFileListPaths = (
			);
			outputPaths = (
			);
			runOnlyForDeploymentPostprocessing = 0;
			shellPath = /bin/sh;
			shellScript = "# Type a script or drag a script file from your workspace to insert its path.\nif which \"${PODS_ROOT}/SwiftLint/swiftlint\" >/dev/null; then\n  ${PODS_ROOT}/SwiftLint/swiftlint\nelse\n  echo \"warning: SwiftLint not installed, download from https://github.com/realm/SwiftLint\"\nfi\n";
		};
/* End PBXShellScriptBuildPhase section */

/* Begin PBXSourcesBuildPhase section */
		5E7A02E2263AEDC100DF7B53 /* Sources */ = {
			isa = PBXSourcesBuildPhase;
			buildActionMask = 2147483647;
			files = (
				5E7A0309263B094000DF7B53 /* FeedItem.swift in Sources */,
				5E7A033D2641592D00DF7B53 /* CardContentModel.swift in Sources */,
				5E7A03412641657700DF7B53 /* SpacerView.swift in Sources */,
				5E7A03392641562100DF7B53 /* CardContent.swift in Sources */,
				5E7A039826495CA100DF7B53 /* CellMapper.swift in Sources */,
				5E7A06562654191F00DF7B53 /* FeedItemFooterCell.swift in Sources */,
				5E7A0310263BF6CA00DF7B53 /* FeedItemCardCell.swift in Sources */,
				5E7A02EA263AEDC100DF7B53 /* AppDelegate.swift in Sources */,
				5E7A0352264431D600DF7B53 /* ImageAspectRatio.swift in Sources */,
				5E7A0332263C61E200DF7B53 /* Insets.swift in Sources */,
				5E7A03442642A2D800DF7B53 /* CardHeader.swift in Sources */,
				5E7A03482642B22B00DF7B53 /* Source.swift in Sources */,
				5E7A034F26440AAE00DF7B53 /* NSAttributeString+size.swift in Sources */,
				5E7A039B26495D1C00DF7B53 /* CellModel.swift in Sources */,
				5E7A0335263C63CC00DF7B53 /* CardFooter.swift in Sources */,
				5E7A0323263C3A0000DF7B53 /* AutoLayout+Helpers.swift in Sources */,
				5E7A04B3264C145300DF7B53 /* Reaction.swift in Sources */,
				5E7A0319263BFEB100DF7B53 /* Styles.swift in Sources */,
				5E7A03FF264A8D6100DF7B53 /* Theme.swift in Sources */,
				5E7A031F263C248800DF7B53 /* CardView.swift in Sources */,
				5E7A0326263C404A00DF7B53 /* UICollectionView+Cells.swift in Sources */,
				5E7A030D263B0C7900DF7B53 /* Feed.swift in Sources */,
				5E7A04B7264C1F7100DF7B53 /* Assets.swift in Sources */,
				5E7A034C2642B54300DF7B53 /* CardHeaderModel.swift in Sources */,
				5E7A0315263BFE5C00DF7B53 /* Styles+Colors.swift in Sources */,
				5E7A031C263C01C600DF7B53 /* UIColor+hex.swift in Sources */,
				5E7A06492653B41B00DF7B53 /* FeedProviding.swift in Sources */,
				5E7A0302263AF15500DF7B53 /* FeedController.swift in Sources */,
				5E7A050D264D683600DF7B53 /* Styles+Fonts.swift in Sources */,
				5E7A02EC263AEDC100DF7B53 /* SceneDelegate.swift in Sources */,
				5E7A064C2653B89200DF7B53 /* Networking.swift in Sources */,
			);
			runOnlyForDeploymentPostprocessing = 0;
		};
/* End PBXSourcesBuildPhase section */

/* Begin XCBuildConfiguration section */
		5E7A02F8263AEDC300DF7B53 /* Debug */ = {
			isa = XCBuildConfiguration;
			buildSettings = {
				ALWAYS_SEARCH_USER_PATHS = NO;
				CLANG_ANALYZER_NONNULL = YES;
				CLANG_ANALYZER_NUMBER_OBJECT_CONVERSION = YES_AGGRESSIVE;
				CLANG_CXX_LANGUAGE_STANDARD = "gnu++14";
				CLANG_CXX_LIBRARY = "libc++";
				CLANG_ENABLE_MODULES = YES;
				CLANG_ENABLE_OBJC_ARC = YES;
				CLANG_ENABLE_OBJC_WEAK = YES;
				CLANG_WARN_BLOCK_CAPTURE_AUTORELEASING = YES;
				CLANG_WARN_BOOL_CONVERSION = YES;
				CLANG_WARN_COMMA = YES;
				CLANG_WARN_CONSTANT_CONVERSION = YES;
				CLANG_WARN_DEPRECATED_OBJC_IMPLEMENTATIONS = YES;
				CLANG_WARN_DIRECT_OBJC_ISA_USAGE = YES_ERROR;
				CLANG_WARN_DOCUMENTATION_COMMENTS = YES;
				CLANG_WARN_EMPTY_BODY = YES;
				CLANG_WARN_ENUM_CONVERSION = YES;
				CLANG_WARN_INFINITE_RECURSION = YES;
				CLANG_WARN_INT_CONVERSION = YES;
				CLANG_WARN_NON_LITERAL_NULL_CONVERSION = YES;
				CLANG_WARN_OBJC_IMPLICIT_RETAIN_SELF = YES;
				CLANG_WARN_OBJC_LITERAL_CONVERSION = YES;
				CLANG_WARN_OBJC_ROOT_CLASS = YES_ERROR;
				CLANG_WARN_QUOTED_INCLUDE_IN_FRAMEWORK_HEADER = YES;
				CLANG_WARN_RANGE_LOOP_ANALYSIS = YES;
				CLANG_WARN_STRICT_PROTOTYPES = YES;
				CLANG_WARN_SUSPICIOUS_MOVE = YES;
				CLANG_WARN_UNGUARDED_AVAILABILITY = YES_AGGRESSIVE;
				CLANG_WARN_UNREACHABLE_CODE = YES;
				CLANG_WARN__DUPLICATE_METHOD_MATCH = YES;
				COPY_PHASE_STRIP = NO;
				DEBUG_INFORMATION_FORMAT = dwarf;
				ENABLE_STRICT_OBJC_MSGSEND = YES;
				ENABLE_TESTABILITY = YES;
				GCC_C_LANGUAGE_STANDARD = gnu11;
				GCC_DYNAMIC_NO_PIC = NO;
				GCC_NO_COMMON_BLOCKS = YES;
				GCC_OPTIMIZATION_LEVEL = 0;
				GCC_PREPROCESSOR_DEFINITIONS = (
					"DEBUG=1",
					"$(inherited)",
				);
				GCC_WARN_64_TO_32_BIT_CONVERSION = YES;
				GCC_WARN_ABOUT_RETURN_TYPE = YES_ERROR;
				GCC_WARN_UNDECLARED_SELECTOR = YES;
				GCC_WARN_UNINITIALIZED_AUTOS = YES_AGGRESSIVE;
				GCC_WARN_UNUSED_FUNCTION = YES;
				GCC_WARN_UNUSED_VARIABLE = YES;
				IPHONEOS_DEPLOYMENT_TARGET = 14.4;
				MTL_ENABLE_DEBUG_INFO = INCLUDE_SOURCE;
				MTL_FAST_MATH = YES;
				ONLY_ACTIVE_ARCH = YES;
				SDKROOT = iphoneos;
				SWIFT_ACTIVE_COMPILATION_CONDITIONS = DEBUG;
				SWIFT_OPTIMIZATION_LEVEL = "-Onone";
			};
			name = Debug;
		};
		5E7A02F9263AEDC300DF7B53 /* Release */ = {
			isa = XCBuildConfiguration;
			buildSettings = {
				ALWAYS_SEARCH_USER_PATHS = NO;
				CLANG_ANALYZER_NONNULL = YES;
				CLANG_ANALYZER_NUMBER_OBJECT_CONVERSION = YES_AGGRESSIVE;
				CLANG_CXX_LANGUAGE_STANDARD = "gnu++14";
				CLANG_CXX_LIBRARY = "libc++";
				CLANG_ENABLE_MODULES = YES;
				CLANG_ENABLE_OBJC_ARC = YES;
				CLANG_ENABLE_OBJC_WEAK = YES;
				CLANG_WARN_BLOCK_CAPTURE_AUTORELEASING = YES;
				CLANG_WARN_BOOL_CONVERSION = YES;
				CLANG_WARN_COMMA = YES;
				CLANG_WARN_CONSTANT_CONVERSION = YES;
				CLANG_WARN_DEPRECATED_OBJC_IMPLEMENTATIONS = YES;
				CLANG_WARN_DIRECT_OBJC_ISA_USAGE = YES_ERROR;
				CLANG_WARN_DOCUMENTATION_COMMENTS = YES;
				CLANG_WARN_EMPTY_BODY = YES;
				CLANG_WARN_ENUM_CONVERSION = YES;
				CLANG_WARN_INFINITE_RECURSION = YES;
				CLANG_WARN_INT_CONVERSION = YES;
				CLANG_WARN_NON_LITERAL_NULL_CONVERSION = YES;
				CLANG_WARN_OBJC_IMPLICIT_RETAIN_SELF = YES;
				CLANG_WARN_OBJC_LITERAL_CONVERSION = YES;
				CLANG_WARN_OBJC_ROOT_CLASS = YES_ERROR;
				CLANG_WARN_QUOTED_INCLUDE_IN_FRAMEWORK_HEADER = YES;
				CLANG_WARN_RANGE_LOOP_ANALYSIS = YES;
				CLANG_WARN_STRICT_PROTOTYPES = YES;
				CLANG_WARN_SUSPICIOUS_MOVE = YES;
				CLANG_WARN_UNGUARDED_AVAILABILITY = YES_AGGRESSIVE;
				CLANG_WARN_UNREACHABLE_CODE = YES;
				CLANG_WARN__DUPLICATE_METHOD_MATCH = YES;
				COPY_PHASE_STRIP = NO;
				DEBUG_INFORMATION_FORMAT = "dwarf-with-dsym";
				ENABLE_NS_ASSERTIONS = NO;
				ENABLE_STRICT_OBJC_MSGSEND = YES;
				GCC_C_LANGUAGE_STANDARD = gnu11;
				GCC_NO_COMMON_BLOCKS = YES;
				GCC_WARN_64_TO_32_BIT_CONVERSION = YES;
				GCC_WARN_ABOUT_RETURN_TYPE = YES_ERROR;
				GCC_WARN_UNDECLARED_SELECTOR = YES;
				GCC_WARN_UNINITIALIZED_AUTOS = YES_AGGRESSIVE;
				GCC_WARN_UNUSED_FUNCTION = YES;
				GCC_WARN_UNUSED_VARIABLE = YES;
				IPHONEOS_DEPLOYMENT_TARGET = 14.4;
				MTL_ENABLE_DEBUG_INFO = NO;
				MTL_FAST_MATH = YES;
				SDKROOT = iphoneos;
				SWIFT_COMPILATION_MODE = wholemodule;
				SWIFT_OPTIMIZATION_LEVEL = "-O";
				VALIDATE_PRODUCT = YES;
			};
			name = Release;
		};
		5E7A02FB263AEDC300DF7B53 /* Debug */ = {
			isa = XCBuildConfiguration;
			baseConfigurationReference = 8F1B696A2608190D6E252383 /* Pods-ZenStudy.debug.xcconfig */;
			buildSettings = {
				ASSETCATALOG_COMPILER_APPICON_NAME = AppIcon;
				ASSETCATALOG_COMPILER_GLOBAL_ACCENT_COLOR_NAME = AccentColor;
				CODE_SIGN_STYLE = Automatic;
				INFOPLIST_FILE = ZenStudy/Info.plist;
				LD_RUNPATH_SEARCH_PATHS = (
					"$(inherited)",
					"@executable_path/Frameworks",
				);
				PRODUCT_BUNDLE_IDENTIFIER = udobnaja.ZenStudy;
				PRODUCT_NAME = "$(TARGET_NAME)";
				SWIFT_VERSION = 5.0;
				TARGETED_DEVICE_FAMILY = "1,2";
			};
			name = Debug;
		};
		5E7A02FC263AEDC300DF7B53 /* Release */ = {
			isa = XCBuildConfiguration;
			baseConfigurationReference = D97C1F69B922032CE1A603B0 /* Pods-ZenStudy.release.xcconfig */;
			buildSettings = {
				ASSETCATALOG_COMPILER_APPICON_NAME = AppIcon;
				ASSETCATALOG_COMPILER_GLOBAL_ACCENT_COLOR_NAME = AccentColor;
				CODE_SIGN_STYLE = Automatic;
				INFOPLIST_FILE = ZenStudy/Info.plist;
				LD_RUNPATH_SEARCH_PATHS = (
					"$(inherited)",
					"@executable_path/Frameworks",
				);
				PRODUCT_BUNDLE_IDENTIFIER = udobnaja.ZenStudy;
				PRODUCT_NAME = "$(TARGET_NAME)";
				SWIFT_VERSION = 5.0;
				TARGETED_DEVICE_FAMILY = "1,2";
			};
			name = Release;
		};
/* End XCBuildConfiguration section */

/* Begin XCConfigurationList section */
		5E7A02E1263AEDC100DF7B53 /* Build configuration list for PBXProject "ZenStudy" */ = {
			isa = XCConfigurationList;
			buildConfigurations = (
				5E7A02F8263AEDC300DF7B53 /* Debug */,
				5E7A02F9263AEDC300DF7B53 /* Release */,
			);
			defaultConfigurationIsVisible = 0;
			defaultConfigurationName = Release;
		};
		5E7A02FA263AEDC300DF7B53 /* Build configuration list for PBXNativeTarget "ZenStudy" */ = {
			isa = XCConfigurationList;
			buildConfigurations = (
				5E7A02FB263AEDC300DF7B53 /* Debug */,
				5E7A02FC263AEDC300DF7B53 /* Release */,
			);
			defaultConfigurationIsVisible = 0;
			defaultConfigurationName = Release;
		};
/* End XCConfigurationList section */
	};
	rootObject = 5E7A02DE263AEDC100DF7B53 /* Project object */;
}
